
Microsoft Visual Studio Solution File, Format Version 12.00
# Visual Studio Version 16
VisualStudioVersion = 16.0.30907.101
MinimumVisualStudioVersion = 10.0.40219.1
Project("{FAE04EC0-301F-11D3-BF4B-00C04F79EFBC}") = "Sohbet", "Sohbet.csproj", "{B2378279-BFA4-4778-84D2-49F914B91D74}"
EndProject
Global
	GlobalSection(SolutionConfigurationPlatforms) = preSolution
		Debug|Any CPU = Debug|Any CPU
		Release|Any CPU = Release|Any CPU
	EndGlobalSection
	GlobalSection(ProjectConfigurationPlatforms) = postSolution
		{B2378279-BFA4-4778-84D2-49F914B91D74}.Debug|Any CPU.ActiveCfg = Debug|Any CPU
		{B2378279-BFA4-4778-84D2-49F914B91D74}.Debug|Any CPU.Build.0 = Debug|Any CPU
		{B2378279-BFA4-4778-84D2-49F914B91D74}.Release|Any CPU.ActiveCfg = Release|Any CPU
		{B2378279-BFA4-4778-84D2-49F914B91D74}.Release|Any CPU.Build.0 = Release|Any CPU
	EndGlobalSection
	GlobalSection(SolutionProperties) = preSolution
		HideSolutionNode = FALSE
	EndGlobalSection
	GlobalSection(ExtensibilityGlobals) = postSolution
		SolutionGuid = {28FCF571-9EAB-418E-8DA1-A9C72C786D16}
	EndGlobalSection
EndGlobal
